
Microsoft Visual Studio Solution File, Format Version 12.00
# Visual Studio Version 16
VisualStudioVersion = 16.0.31005.135
MinimumVisualStudioVersion = 10.0.40219.1
Project("{FAE04EC0-301F-11D3-BF4B-00C04F79EFBC}") = "BestCloudAcademyAPI", "BestCloudAcademyAPI\BestCloudAcademyAPI.csproj", "{5899F78B-5595-4EF3-B8F9-86749E943E42}"
EndProject
Global
	GlobalSection(SolutionConfigurationPlatforms) = preSolution
		Debug|Any CPU = Debug|Any CPU
		Release|Any CPU = Release|Any CPU
	EndGlobalSection
	GlobalSection(ProjectConfigurationPlatforms) = postSolution
		{5899F78B-5595-4EF3-B8F9-86749E943E42}.Debug|Any CPU.ActiveCfg = Debug|Any CPU
		{5899F78B-5595-4EF3-B8F9-86749E943E42}.Debug|Any CPU.Build.0 = Debug|Any CPU
		{5899F78B-5595-4EF3-B8F9-86749E943E42}.Release|Any CPU.ActiveCfg = Release|Any CPU
		{5899F78B-5595-4EF3-B8F9-86749E943E42}.Release|Any CPU.Build.0 = Release|Any CPU
	EndGlobalSection
	GlobalSection(SolutionProperties) = preSolution
		HideSolutionNode = FALSE
	EndGlobalSection
	GlobalSection(ExtensibilityGlobals) = postSolution
		SolutionGuid = {B49E7C37-ABFA-4405-A13F-8BC360ABD232}
	EndGlobalSection
EndGlobal
